
Microsoft Visual Studio Solution File, Format Version 12.00
# Visual Studio Version 16
VisualStudioVersion = 16.0.31112.23
MinimumVisualStudioVersion = 10.0.40219.1
Project("{9A19103F-16F7-4668-BE54-9A1E7A4F7556}") = "CreditApi", "CreditApi\CreditApi.csproj", "{D4BCFBFB-AFF8-4008-BD57-E742B6D19585}"
EndProject
Project("{FAE04EC0-301F-11D3-BF4B-00C04F79EFBC}") = "UnitTest", "UnitTest\UnitTest.csproj", "{D18AAE38-9F8F-4356-88ED-0619D99F2EA4}"
EndProject
Global
	GlobalSection(SolutionConfigurationPlatforms) = preSolution
		Debug|Any CPU = Debug|Any CPU
		Release|Any CPU = Release|Any CPU
	EndGlobalSection
	GlobalSection(ProjectConfigurationPlatforms) = postSolution
		{D4BCFBFB-AFF8-4008-BD57-E742B6D19585}.Debug|Any CPU.ActiveCfg = Debug|Any CPU
		{D4BCFBFB-AFF8-4008-BD57-E742B6D19585}.Debug|Any CPU.Build.0 = Debug|Any CPU
		{D4BCFBFB-AFF8-4008-BD57-E742B6D19585}.Release|Any CPU.ActiveCfg = Release|Any CPU
		{D4BCFBFB-AFF8-4008-BD57-E742B6D19585}.Release|Any CPU.Build.0 = Release|Any CPU
		{D18AAE38-9F8F-4356-88ED-0619D99F2EA4}.Debug|Any CPU.ActiveCfg = Debug|Any CPU
		{D18AAE38-9F8F-4356-88ED-0619D99F2EA4}.Debug|Any CPU.Build.0 = Debug|Any CPU
		{D18AAE38-9F8F-4356-88ED-0619D99F2EA4}.Release|Any CPU.ActiveCfg = Release|Any CPU
		{D18AAE38-9F8F-4356-88ED-0619D99F2EA4}.Release|Any CPU.Build.0 = Release|Any CPU
	EndGlobalSection
	GlobalSection(SolutionProperties) = preSolution
		HideSolutionNode = FALSE
	EndGlobalSection
	GlobalSection(ExtensibilityGlobals) = postSolution
		SolutionGuid = {B91295EB-18EF-4721-A11D-C47D1AD967D2}
	EndGlobalSection
EndGlobal
